// !$*UTF8*$!
{
	archiveVersion = 1;
	classes = {
	};
	objectVersion = 46;
	objects = {

/* Begin PBXBuildFile section */
		7F48F6A91A25085B00DC36AF /* main.m in Sources */ = {isa = PBXBuildFile; fileRef = 7F48F6A81A25085B00DC36AF /* main.m */; };
		7F48F6AC1A25085B00DC36AF /* AppDelegate.m in Sources */ = {isa = PBXBuildFile; fileRef = 7F48F6AB1A25085B00DC36AF /* AppDelegate.m */; };
		7F48F6AF1A25085B00DC36AF /* ViewController.m in Sources */ = {isa = PBXBuildFile; fileRef = 7F48F6AE1A25085B00DC36AF /* ViewController.m */; };
		7F48F6B21A25085B00DC36AF /* Main.storyboard in Resources */ = {isa = PBXBuildFile; fileRef = 7F48F6B01A25085B00DC36AF /* Main.storyboard */; };
		7F48F6B41A25085B00DC36AF /* Images.xcassets in Resources */ = {isa = PBXBuildFile; fileRef = 7F48F6B31A25085B00DC36AF /* Images.xcassets */; };
		7F48F6B71A25085B00DC36AF /* LaunchScreen.xib in Resources */ = {isa = PBXBuildFile; fileRef = 7F48F6B51A25085B00DC36AF /* LaunchScreen.xib */; };
		7F48F6C31A25085B00DC36AF /* pushtestTests.m in Sources */ = {isa = PBXBuildFile; fileRef = 7F48F6C21A25085B00DC36AF /* pushtestTests.m */; };
		7F48F6CE1A25117300DC36AF /* Requester.mm in Sources */ = {isa = PBXBuildFile; fileRef = 7F48F6CD1A25117300DC36AF /* Requester.mm */; };
/* End PBXBuildFile section */

/* Begin PBXContainerItemProxy section */
		7F48F6BD1A25085B00DC36AF /* PBXContainerItemProxy */ = {
			isa = PBXContainerItemProxy;
			containerPortal = 7F48F69B1A25085B00DC36AF /* Project object */;
			proxyType = 1;
			remoteGlobalIDString = 7F48F6A21A25085B00DC36AF;
			remoteInfo = pushtest;
		};
/* End PBXContainerItemProxy section */

/* Begin PBXFileReference section */
		7F48F6A31A25085B00DC36AF /* pushtest.app */ = {isa = PBXFileReference; explicitFileType = wrapper.application; includeInIndex = 0; path = pushtest.app; sourceTree = BUILT_PRODUCTS_DIR; };
		7F48F6A71A25085B00DC36AF /* Info.plist */ = {isa = PBXFileReference; lastKnownFileType = text.plist.xml; path = Info.plist; sourceTree = "<group>"; };
		7F48F6A81A25085B00DC36AF /* main.m */ = {isa = PBXFileReference; lastKnownFileType = sourcecode.c.objc; path = main.m; sourceTree = "<group>"; };
		7F48F6AA1A25085B00DC36AF /* AppDelegate.h */ = {isa = PBXFileReference; lastKnownFileType = sourcecode.c.h; path = AppDelegate.h; sourceTree = "<group>"; };
		7F48F6AB1A25085B00DC36AF /* AppDelegate.m */ = {isa = PBXFileReference; lastKnownFileType = sourcecode.c.objc; path = AppDelegate.m; sourceTree = "<group>"; };
		7F48F6AD1A25085B00DC36AF /* ViewController.h */ = {isa = PBXFileReference; lastKnownFileType = sourcecode.c.h; path = ViewController.h; sourceTree = "<group>"; };
		7F48F6AE1A25085B00DC36AF /* ViewController.m */ = {isa = PBXFileReference; lastKnownFileType = sourcecode.c.objc; path = ViewController.m; sourceTree = "<group>"; };
		7F48F6B11A25085B00DC36AF /* Base */ = {isa = PBXFileReference; lastKnownFileType = file.storyboard; name = Base; path = Base.lproj/Main.storyboard; sourceTree = "<group>"; };
		7F48F6B31A25085B00DC36AF /* Images.xcassets */ = {isa = PBXFileReference; lastKnownFileType = folder.assetcatalog; path = Images.xcassets; sourceTree = "<group>"; };
		7F48F6B61A25085B00DC36AF /* Base */ = {isa = PBXFileReference; lastKnownFileType = file.xib; name = Base; path = Base.lproj/LaunchScreen.xib; sourceTree = "<group>"; };
		7F48F6BC1A25085B00DC36AF /* pushtestTests.xctest */ = {isa = PBXFileReference; explicitFileType = wrapper.cfbundle; includeInIndex = 0; path = pushtestTests.xctest; sourceTree = BUILT_PRODUCTS_DIR; };
		7F48F6C11A25085B00DC36AF /* Info.plist */ = {isa = PBXFileReference; lastKnownFileType = text.plist.xml; path = Info.plist; sourceTree = "<group>"; };
		7F48F6C21A25085B00DC36AF /* pushtestTests.m */ = {isa = PBXFileReference; lastKnownFileType = sourcecode.c.objc; path = pushtestTests.m; sourceTree = "<group>"; };
		7F48F6CC1A25117300DC36AF /* Requester.h */ = {isa = PBXFileReference; fileEncoding = 4; lastKnownFileType = sourcecode.c.h; path = Requester.h; sourceTree = "<group>"; };
		7F48F6CD1A25117300DC36AF /* Requester.mm */ = {isa = PBXFileReference; fileEncoding = 4; lastKnownFileType = sourcecode.cpp.objcpp; path = Requester.mm; sourceTree = "<group>"; };
/* End PBXFileReference section */

/* Begin PBXFrameworksBuildPhase section */
		7F48F6A01A25085B00DC36AF /* Frameworks */ = {
			isa = PBXFrameworksBuildPhase;
			buildActionMask = 2147483647;
			files = (
			);
			runOnlyForDeploymentPostprocessing = 0;
		};
		7F48F6B91A25085B00DC36AF /* Frameworks */ = {
			isa = PBXFrameworksBuildPhase;
			buildActionMask = 2147483647;
			files = (
			);
			runOnlyForDeploymentPostprocessing = 0;
		};
/* End PBXFrameworksBuildPhase section */

/* Begin PBXGroup section */
		7F48F69A1A25085B00DC36AF = {
			isa = PBXGroup;
			children = (
				7F48F6A51A25085B00DC36AF /* pushtest */,
				7F48F6BF1A25085B00DC36AF /* pushtestTests */,
				7F48F6A41A25085B00DC36AF /* Products */,
			);
			sourceTree = "<group>";
		};
		7F48F6A41A25085B00DC36AF /* Products */ = {
			isa = PBXGroup;
			children = (
				7F48F6A31A25085B00DC36AF /* pushtest.app */,
				7F48F6BC1A25085B00DC36AF /* pushtestTests.xctest */,
			);
			name = Products;
			sourceTree = "<group>";
		};
		7F48F6A51A25085B00DC36AF /* pushtest */ = {
			isa = PBXGroup;
			children = (
				7F48F6AA1A25085B00DC36AF /* AppDelegate.h */,
				7F48F6AB1A25085B00DC36AF /* AppDelegate.m */,
				7F48F6AD1A25085B00DC36AF /* ViewController.h */,
				7F48F6AE1A25085B00DC36AF /* ViewController.m */,
				7F48F6B01A25085B00DC36AF /* Main.storyboard */,
				7F48F6B31A25085B00DC36AF /* Images.xcassets */,
				7F48F6B51A25085B00DC36AF /* LaunchScreen.xib */,
				7F48F6A61A25085B00DC36AF /* Supporting Files */,
				7F48F6CC1A25117300DC36AF /* Requester.h */,
				7F48F6CD1A25117300DC36AF /* Requester.mm */,
			);
			path = pushtest;
			sourceTree = "<group>";
		};
		7F48F6A61A25085B00DC36AF /* Supporting Files */ = {
			isa = PBXGroup;
			children = (
				7F48F6A71A25085B00DC36AF /* Info.plist */,
				7F48F6A81A25085B00DC36AF /* main.m */,
			);
			name = "Supporting Files";
			sourceTree = "<group>";
		};
		7F48F6BF1A25085B00DC36AF /* pushtestTests */ = {
			isa = PBXGroup;
			children = (
				7F48F6C21A25085B00DC36AF /* pushtestTests.m */,
				7F48F6C01A25085B00DC36AF /* Supporting Files */,
			);
			path = pushtestTests;
			sourceTree = "<group>";
		};
		7F48F6C01A25085B00DC36AF /* Supporting Files */ = {
			isa = PBXGroup;
			children = (
				7F48F6C11A25085B00DC36AF /* Info.plist */,
			);
			name = "Supporting Files";
			sourceTree = "<group>";
		};
/* End PBXGroup section */

/* Begin PBXNativeTarget section */
		7F48F6A21A25085B00DC36AF /* pushtest */ = {
			isa = PBXNativeTarget;
			buildConfigurationList = 7F48F6C61A25085B00DC36AF /* Build configuration list for PBXNativeTarget "pushtest" */;
			buildPhases = (
				7F48F69F1A25085B00DC36AF /* Sources */,
				7F48F6A01A25085B00DC36AF /* Frameworks */,
				7F48F6A11A25085B00DC36AF /* Resources */,
			);
			buildRules = (
			);
			dependencies = (
			);
			name = pushtest;
			productName = pushtest;
			productReference = 7F48F6A31A25085B00DC36AF /* pushtest.app */;
			productType = "com.apple.product-type.application";
		};
		7F48F6BB1A25085B00DC36AF /* pushtestTests */ = {
			isa = PBXNativeTarget;
			buildConfigurationList = 7F48F6C91A25085B00DC36AF /* Build configuration list for PBXNativeTarget "pushtestTests" */;
			buildPhases = (
				7F48F6B81A25085B00DC36AF /* Sources */,
				7F48F6B91A25085B00DC36AF /* Frameworks */,
				7F48F6BA1A25085B00DC36AF /* Resources */,
			);
			buildRules = (
			);
			dependencies = (
				7F48F6BE1A25085B00DC36AF /* PBXTargetDependency */,
			);
			name = pushtestTests;
			productName = pushtestTests;
			productReference = 7F48F6BC1A25085B00DC36AF /* pushtestTests.xctest */;
			productType = "com.apple.product-type.bundle.unit-test";
		};
/* End PBXNativeTarget section */

/* Begin PBXProject section */
		7F48F69B1A25085B00DC36AF /* Project object */ = {
			isa = PBXProject;
			attributes = {
				LastUpgradeCheck = 0610;
				ORGANIZATIONNAME = "Lin Jia";
				TargetAttributes = {
					7F48F6A21A25085B00DC36AF = {
						CreatedOnToolsVersion = 6.1;
						SystemCapabilities = {
							com.apple.BackgroundModes = {
								enabled = 1;
							};
						};
					};
					7F48F6BB1A25085B00DC36AF = {
						CreatedOnToolsVersion = 6.1;
						TestTargetID = 7F48F6A21A25085B00DC36AF;
					};
				};
			};
			buildConfigurationList = 7F48F69E1A25085B00DC36AF /* Build configuration list for PBXProject "pushtest" */;
			compatibilityVersion = "Xcode 3.2";
			developmentRegion = English;
			hasScannedForEncodings = 0;
			knownRegions = (
				en,
				Base,
			);
			mainGroup = 7F48F69A1A25085B00DC36AF;
			productRefGroup = 7F48F6A41A25085B00DC36AF /* Products */;
			projectDirPath = "";
			projectRoot = "";
			targets = (
				7F48F6A21A25085B00DC36AF /* pushtest */,
				7F48F6BB1A25085B00DC36AF /* pushtestTests */,
			);
		};
/* End PBXProject section */

/* Begin PBXResourcesBuildPhase section */
		7F48F6A11A25085B00DC36AF /* Resources */ = {
			isa = PBXResourcesBuildPhase;
			buildActionMask = 2147483647;
			files = (
				7F48F6B21A25085B00DC36AF /* Main.storyboard in Resources */,
				7F48F6B71A25085B00DC36AF /* LaunchScreen.xib in Resources */,
				7F48F6B41A25085B00DC36AF /* Images.xcassets in Resources */,
			);
			runOnlyForDeploymentPostprocessing = 0;
		};
		7F48F6BA1A25085B00DC36AF /* Resources */ = {
			isa = PBXResourcesBuildPhase;
			buildActionMask = 2147483647;
			files = (
			);
			runOnlyForDeploymentPostprocessing = 0;
		};
/* End PBXResourcesBuildPhase section */

/* Begin PBXSourcesBuildPhase section */
		7F48F69F1A25085B00DC36AF /* Sources */ = {
			isa = PBXSourcesBuildPhase;
			buildActionMask = 2147483647;
			files = (
				7F48F6AF1A25085B00DC36AF /* ViewController.m in Sources */,
				7F48F6AC1A25085B00DC36AF /* AppDelegate.m in Sources */,
				7F48F6CE1A25117300DC36AF /* Requester.mm in Sources */,
				7F48F6A91A25085B00DC36AF /* main.m in Sources */,
			);
			runOnlyForDeploymentPostprocessing = 0;
		};
		7F48F6B81A25085B00DC36AF /* Sources */ = {
			isa = PBXSourcesBuildPhase;
			buildActionMask = 2147483647;
			files = (
				7F48F6C31A25085B00DC36AF /* pushtestTests.m in Sources */,
			);
			runOnlyForDeploymentPostprocessing = 0;
		};
/* End PBXSourcesBuildPhase section */

/* Begin PBXTargetDependency section */
		7F48F6BE1A25085B00DC36AF /* PBXTargetDependency */ = {
			isa = PBXTargetDependency;
			target = 7F48F6A21A25085B00DC36AF /* pushtest */;
			targetProxy = 7F48F6BD1A25085B00DC36AF /* PBXContainerItemProxy */;
		};
/* End PBXTargetDependency section */

/* Begin PBXVariantGroup section */
		7F48F6B01A25085B00DC36AF /* Main.storyboard */ = {
			isa = PBXVariantGroup;
			children = (
				7F48F6B11A25085B00DC36AF /* Base */,
			);
			name = Main.storyboard;
			sourceTree = "<group>";
		};
		7F48F6B51A25085B00DC36AF /* LaunchScreen.xib */ = {
			isa = PBXVariantGroup;
			children = (
				7F48F6B61A25085B00DC36AF /* Base */,
			);
			name = LaunchScreen.xib;
			sourceTree = "<group>";
		};
/* End PBXVariantGroup section */

/* Begin XCBuildConfiguration section */
		7F48F6C41A25085B00DC36AF /* Debug */ = {
			isa = XCBuildConfiguration;
			buildSettings = {
				ALWAYS_SEARCH_USER_PATHS = NO;
				CLANG_CXX_LANGUAGE_STANDARD = "gnu++0x";
				CLANG_CXX_LIBRARY = "libc++";
				CLANG_ENABLE_MODULES = YES;
				CLANG_ENABLE_OBJC_ARC = YES;
				CLANG_WARN_BOOL_CONVERSION = YES;
				CLANG_WARN_CONSTANT_CONVERSION = YES;
				CLANG_WARN_DIRECT_OBJC_ISA_USAGE = YES_ERROR;
				CLANG_WARN_EMPTY_BODY = YES;
				CLANG_WARN_ENUM_CONVERSION = YES;
				CLANG_WARN_INT_CONVERSION = YES;
				CLANG_WARN_OBJC_ROOT_CLASS = YES_ERROR;
				CLANG_WARN_UNREACHABLE_CODE = YES;
				CLANG_WARN__DUPLICATE_METHOD_MATCH = YES;
				"CODE_SIGN_IDENTITY[sdk=iphoneos*]" = "iPhone Developer";
				COPY_PHASE_STRIP = NO;
				ENABLE_STRICT_OBJC_MSGSEND = YES;
				GCC_C_LANGUAGE_STANDARD = gnu99;
				GCC_DYNAMIC_NO_PIC = NO;
				GCC_OPTIMIZATION_LEVEL = 0;
				GCC_PREPROCESSOR_DEFINITIONS = (
					"DEBUG=1",
					"$(inherited)",
				);
				GCC_SYMBOLS_PRIVATE_EXTERN = NO;
				GCC_WARN_64_TO_32_BIT_CONVERSION = YES;
				GCC_WARN_ABOUT_RETURN_TYPE = YES_ERROR;
				GCC_WARN_UNDECLARED_SELECTOR = YES;
				GCC_WARN_UNINITIALIZED_AUTOS = YES_AGGRESSIVE;
				GCC_WARN_UNUSED_FUNCTION = YES;
				GCC_WARN_UNUSED_VARIABLE = YES;
				IPHONEOS_DEPLOYMENT_TARGET = 8.1;
				MTL_ENABLE_DEBUG_INFO = YES;
				ONLY_ACTIVE_ARCH = YES;
				SDKROOT = iphoneos;
				TARGETED_DEVICE_FAMILY = "1,2";
			};
			name = Debug;
		};
		7F48F6C51A25085B00DC36AF /* Release */ = {
			isa = XCBuildConfiguration;
			buildSettings = {
				ALWAYS_SEARCH_USER_PATHS = NO;
				CLANG_CXX_LANGUAGE_STANDARD = "gnu++0x";
				CLANG_CXX_LIBRARY = "libc++";
				CLANG_ENABLE_MODULES = YES;
				CLANG_ENABLE_OBJC_ARC = YES;
				CLANG_WARN_BOOL_CONVERSION = YES;
				CLANG_WARN_CONSTANT_CONVERSION = YES;
				CLANG_WARN_DIRECT_OBJC_ISA_USAGE = YES_ERROR;
				CLANG_WARN_EMPTY_BODY = YES;
				CLANG_WARN_ENUM_CONVERSION = YES;
				CLANG_WARN_INT_CONVERSION = YES;
				CLANG_WARN_OBJC_ROOT_CLASS = YES_ERROR;
				CLANG_WARN_UNREACHABLE_CODE = YES;
				CLANG_WARN__DUPLICATE_METHOD_MATCH = YES;
				"CODE_SIGN_IDENTITY[sdk=iphoneos*]" = "iPhone Developer";
				COPY_PHASE_STRIP = YES;
				ENABLE_NS_ASSERTIONS = NO;
				ENABLE_STRICT_OBJC_MSGSEND = YES;
				GCC_C_LANGUAGE_STANDARD = gnu99;
				GCC_WARN_64_TO_32_BIT_CONVERSION = YES;
				GCC_WARN_ABOUT_RETURN_TYPE = YES_ERROR;
				GCC_WARN_UNDECLARED_SELECTOR = YES;
				GCC_WARN_UNINITIALIZED_AUTOS = YES_AGGRESSIVE;
				GCC_WARN_UNUSED_FUNCTION = YES;
				GCC_WARN_UNUSED_VARIABLE = YES;
				IPHONEOS_DEPLOYMENT_TARGET = 8.1;
				MTL_ENABLE_DEBUG_INFO = NO;
				SDKROOT = iphoneos;
				TARGETED_DEVICE_FAMILY = "1,2";
				VALIDATE_PRODUCT = YES;
			};
			name = Release;
		};
		7F48F6C71A25085B00DC36AF /* Debug */ = {
			isa = XCBuildConfiguration;
			buildSettings = {
				ASSETCATALOG_COMPILER_APPICON_NAME = AppIcon;
				INFOPLIST_FILE = pushtest/Info.plist;
				LD_RUNPATH_SEARCH_PATHS = "$(inherited) @executable_path/Frameworks";
				PRODUCT_NAME = "$(TARGET_NAME)";
			};
			name = Debug;
		};
		7F48F6C81A25085B00DC36AF /* Release */ = {
			isa = XCBuildConfiguration;
			buildSettings = {
				ASSETCATALOG_COMPILER_APPICON_NAME = AppIcon;
				INFOPLIST_FILE = pushtest/Info.plist;
				LD_RUNPATH_SEARCH_PATHS = "$(inherited) @executable_path/Frameworks";
				PRODUCT_NAME = "$(TARGET_NAME)";
			};
			name = Release;
		};
		7F48F6CA1A25085B00DC36AF /* Debug */ = {
			isa = XCBuildConfiguration;
			buildSettings = {
				BUNDLE_LOADER = "$(TEST_HOST)";
				FRAMEWORK_SEARCH_PATHS = (
					"$(SDKROOT)/Developer/Library/Frameworks",
					"$(inherited)",
				);
				GCC_PREPROCESSOR_DEFINITIONS = (
					"DEBUG=1",
					"$(inherited)",
				);
				INFOPLIST_FILE = pushtestTests/Info.plist;
				LD_RUNPATH_SEARCH_PATHS = "$(inherited) @executable_path/Frameworks @loader_path/Frameworks";
				PRODUCT_NAME = "$(TARGET_NAME)";
				TEST_HOST = "$(BUILT_PRODUCTS_DIR)/pushtest.app/pushtest";
			};
			name = Debug;
		};
		7F48F6CB1A25085B00DC36AF /* Release */ = {
			isa = XCBuildConfiguration;
			buildSettings = {
				BUNDLE_LOADER = "$(TEST_HOST)";
				FRAMEWORK_SEARCH_PATHS = (
					"$(SDKROOT)/Developer/Library/Frameworks",
					"$(inherited)",
				);
				INFOPLIST_FILE = pushtestTests/Info.plist;
				LD_RUNPATH_SEARCH_PATHS = "$(inherited) @executable_path/Frameworks @loader_path/Frameworks";
				PRODUCT_NAME = "$(TARGET_NAME)";
				TEST_HOST = "$(BUILT_PRODUCTS_DIR)/pushtest.app/pushtest";
			};
			name = Release;
		};
/* End XCBuildConfiguration section */

/* Begin XCConfigurationList section */
		7F48F69E1A25085B00DC36AF /* Build configuration list for PBXProject "pushtest" */ = {
			isa = XCConfigurationList;
			buildConfigurations = (
				7F48F6C41A25085B00DC36AF /* Debug */,
				7F48F6C51A25085B00DC36AF /* Release */,
			);
			defaultConfigurationIsVisible = 0;
			defaultConfigurationName = Release;
		};
		7F48F6C61A25085B00DC36AF /* Build configuration list for PBXNativeTarget "pushtest" */ = {
			isa = XCConfigurationList;
			buildConfigurations = (
				7F48F6C71A25085B00DC36AF /* Debug */,
				7F48F6C81A25085B00DC36AF /* Release */,
			);
			defaultConfigurationIsVisible = 0;
		};
		7F48F6C91A25085B00DC36AF /* Build configuration list for PBXNativeTarget "pushtestTests" */ = {
			isa = XCConfigurationList;
			buildConfigurations = (
				7F48F6CA1A25085B00DC36AF /* Debug */,
				7F48F6CB1A25085B00DC36AF /* Release */,
			);
			defaultConfigurationIsVisible = 0;
		};
/* End XCConfigurationList section */
	};
	rootObject = 7F48F69B1A25085B00DC36AF /* Project object */;
}
